// !$*UTF8*$!
{
	archiveVersion = 1;
	classes = {
	};
	objectVersion = 50;
	objects = {

/* Begin PBXBuildFile section */
		E12998F2231C1CBA00DD2AB1 /* RMTableViewDataSource.framework in Frameworks */ = {isa = PBXBuildFile; fileRef = E12998E8231C1CB900DD2AB1 /* RMTableViewDataSource.framework */; };
		E12998F7231C1CBA00DD2AB1 /* RMTableViewDataSourceTests.swift in Sources */ = {isa = PBXBuildFile; fileRef = E12998F6231C1CBA00DD2AB1 /* RMTableViewDataSourceTests.swift */; };
		E12998F9231C1CBA00DD2AB1 /* RMTableViewDataSource.h in Headers */ = {isa = PBXBuildFile; fileRef = E12998EB231C1CB900DD2AB1 /* RMTableViewDataSource.h */; settings = {ATTRIBUTES = (Public, ); }; };
		E1299916231C1CFB00DD2AB1 /* RMTableViewDataSourceViewController.swift in Sources */ = {isa = PBXBuildFile; fileRef = E1299903231C1CFB00DD2AB1 /* RMTableViewDataSourceViewController.swift */; };
		E1299917231C1CFB00DD2AB1 /* PeopleSource.swift in Sources */ = {isa = PBXBuildFile; fileRef = E1299904231C1CFB00DD2AB1 /* PeopleSource.swift */; };
		E1299918231C1CFB00DD2AB1 /* Assets.xcassets in Resources */ = {isa = PBXBuildFile; fileRef = E1299905231C1CFB00DD2AB1 /* Assets.xcassets */; };
		E1299919231C1CFB00DD2AB1 /* LaunchScreen.storyboard in Resources */ = {isa = PBXBuildFile; fileRef = E1299906231C1CFB00DD2AB1 /* LaunchScreen.storyboard */; };
		E129991B231C1CFB00DD2AB1 /* AppDelegate.swift in Sources */ = {isa = PBXBuildFile; fileRef = E129990A231C1CFB00DD2AB1 /* AppDelegate.swift */; };
		E129991C231C1CFB00DD2AB1 /* PersonTableViewCell.swift in Sources */ = {isa = PBXBuildFile; fileRef = E129990B231C1CFB00DD2AB1 /* PersonTableViewCell.swift */; };
		E129991E231C1CFB00DD2AB1 /* CellRetriever.swift in Sources */ = {isa = PBXBuildFile; fileRef = E129990E231C1CFB00DD2AB1 /* CellRetriever.swift */; };
		E129991F231C1CFB00DD2AB1 /* TableViewDataSource.swift in Sources */ = {isa = PBXBuildFile; fileRef = E129990F231C1CFB00DD2AB1 /* TableViewDataSource.swift */; };
		E1299920231C1CFB00DD2AB1 /* SearchSource.swift in Sources */ = {isa = PBXBuildFile; fileRef = E1299911231C1CFB00DD2AB1 /* SearchSource.swift */; };
		E1299921231C1CFB00DD2AB1 /* UISearchBarSource.swift in Sources */ = {isa = PBXBuildFile; fileRef = E1299912231C1CFB00DD2AB1 /* UISearchBarSource.swift */; };
		E1299922231C1CFB00DD2AB1 /* CellIdentifiable.swift in Sources */ = {isa = PBXBuildFile; fileRef = E1299913231C1CFB00DD2AB1 /* CellIdentifiable.swift */; };
		E1299923231C1CFB00DD2AB1 /* TableViewContents.swift in Sources */ = {isa = PBXBuildFile; fileRef = E1299914231C1CFB00DD2AB1 /* TableViewContents.swift */; };
		E1299924231C1CFB00DD2AB1 /* CellBindable.swift in Sources */ = {isa = PBXBuildFile; fileRef = E1299915231C1CFB00DD2AB1 /* CellBindable.swift */; };
		E1BB9AC5231C396F00A59FB3 /* Readme.md in Resources */ = {isa = PBXBuildFile; fileRef = E1BB9AC4231C396F00A59FB3 /* Readme.md */; };
/* End PBXBuildFile section */

/* Begin PBXContainerItemProxy section */
		E12998F3231C1CBA00DD2AB1 /* PBXContainerItemProxy */ = {
			isa = PBXContainerItemProxy;
			containerPortal = E12998DF231C1CB900DD2AB1 /* Project object */;
			proxyType = 1;
			remoteGlobalIDString = E12998E7231C1CB900DD2AB1;
			remoteInfo = RMTableViewDataSource;
		};
/* End PBXContainerItemProxy section */

/* Begin PBXFileReference section */
		E12998E8231C1CB900DD2AB1 /* RMTableViewDataSource.framework */ = {isa = PBXFileReference; explicitFileType = wrapper.framework; includeInIndex = 0; path = RMTableViewDataSource.framework; sourceTree = BUILT_PRODUCTS_DIR; };
		E12998EB231C1CB900DD2AB1 /* RMTableViewDataSource.h */ = {isa = PBXFileReference; lastKnownFileType = sourcecode.c.h; path = RMTableViewDataSource.h; sourceTree = "<group>"; };
		E12998EC231C1CB900DD2AB1 /* Info.plist */ = {isa = PBXFileReference; lastKnownFileType = text.plist.xml; path = Info.plist; sourceTree = "<group>"; };
		E12998F1231C1CBA00DD2AB1 /* RMTableViewDataSourceTests.xctest */ = {isa = PBXFileReference; explicitFileType = wrapper.cfbundle; includeInIndex = 0; path = RMTableViewDataSourceTests.xctest; sourceTree = BUILT_PRODUCTS_DIR; };
		E12998F6231C1CBA00DD2AB1 /* RMTableViewDataSourceTests.swift */ = {isa = PBXFileReference; lastKnownFileType = sourcecode.swift; path = RMTableViewDataSourceTests.swift; sourceTree = "<group>"; };
		E12998F8231C1CBA00DD2AB1 /* Info.plist */ = {isa = PBXFileReference; lastKnownFileType = text.plist.xml; path = Info.plist; sourceTree = "<group>"; };
		E1299903231C1CFB00DD2AB1 /* RMTableViewDataSourceViewController.swift */ = {isa = PBXFileReference; fileEncoding = 4; lastKnownFileType = sourcecode.swift; path = RMTableViewDataSourceViewController.swift; sourceTree = "<group>"; };
		E1299904231C1CFB00DD2AB1 /* PeopleSource.swift */ = {isa = PBXFileReference; fileEncoding = 4; lastKnownFileType = sourcecode.swift; path = PeopleSource.swift; sourceTree = "<group>"; };
		E1299905231C1CFB00DD2AB1 /* Assets.xcassets */ = {isa = PBXFileReference; lastKnownFileType = folder.assetcatalog; path = Assets.xcassets; sourceTree = "<group>"; };
		E1299907231C1CFB00DD2AB1 /* Base */ = {isa = PBXFileReference; lastKnownFileType = file.storyboard; name = Base; path = Base.lproj/LaunchScreen.storyboard; sourceTree = "<group>"; };
		E129990A231C1CFB00DD2AB1 /* AppDelegate.swift */ = {isa = PBXFileReference; fileEncoding = 4; lastKnownFileType = sourcecode.swift; path = AppDelegate.swift; sourceTree = "<group>"; };
		E129990B231C1CFB00DD2AB1 /* PersonTableViewCell.swift */ = {isa = PBXFileReference; fileEncoding = 4; lastKnownFileType = sourcecode.swift; path = PersonTableViewCell.swift; sourceTree = "<group>"; };
		E129990E231C1CFB00DD2AB1 /* CellRetriever.swift */ = {isa = PBXFileReference; fileEncoding = 4; lastKnownFileType = sourcecode.swift; path = CellRetriever.swift; sourceTree = "<group>"; };
		E129990F231C1CFB00DD2AB1 /* TableViewDataSource.swift */ = {isa = PBXFileReference; fileEncoding = 4; lastKnownFileType = sourcecode.swift; path = TableViewDataSource.swift; sourceTree = "<group>"; };
		E1299911231C1CFB00DD2AB1 /* SearchSource.swift */ = {isa = PBXFileReference; fileEncoding = 4; lastKnownFileType = sourcecode.swift; path = SearchSource.swift; sourceTree = "<group>"; };
		E1299912231C1CFB00DD2AB1 /* UISearchBarSource.swift */ = {isa = PBXFileReference; fileEncoding = 4; lastKnownFileType = sourcecode.swift; path = UISearchBarSource.swift; sourceTree = "<group>"; };
		E1299913231C1CFB00DD2AB1 /* CellIdentifiable.swift */ = {isa = PBXFileReference; fileEncoding = 4; lastKnownFileType = sourcecode.swift; path = CellIdentifiable.swift; sourceTree = "<group>"; };
		E1299914231C1CFB00DD2AB1 /* TableViewContents.swift */ = {isa = PBXFileReference; fileEncoding = 4; lastKnownFileType = sourcecode.swift; path = TableViewContents.swift; sourceTree = "<group>"; };
		E1299915231C1CFB00DD2AB1 /* CellBindable.swift */ = {isa = PBXFileReference; fileEncoding = 4; lastKnownFileType = sourcecode.swift; path = CellBindable.swift; sourceTree = "<group>"; };
		E1BB9AC4231C396F00A59FB3 /* Readme.md */ = {isa = PBXFileReference; lastKnownFileType = net.daringfireball.markdown; path = Readme.md; sourceTree = "<group>"; };
/* End PBXFileReference section */

/* Begin PBXFrameworksBuildPhase section */
		E12998E5231C1CB900DD2AB1 /* Frameworks */ = {
			isa = PBXFrameworksBuildPhase;
			buildActionMask = 2147483647;
			files = (
			);
			runOnlyForDeploymentPostprocessing = 0;
		};
		E12998EE231C1CBA00DD2AB1 /* Frameworks */ = {
			isa = PBXFrameworksBuildPhase;
			buildActionMask = 2147483647;
			files = (
				E12998F2231C1CBA00DD2AB1 /* RMTableViewDataSource.framework in Frameworks */,
			);
			runOnlyForDeploymentPostprocessing = 0;
		};
/* End PBXFrameworksBuildPhase section */

/* Begin PBXGroup section */
		E12998DE231C1CB900DD2AB1 = {
			isa = PBXGroup;
			children = (
				E1BB9AC4231C396F00A59FB3 /* Readme.md */,
				E12998EA231C1CB900DD2AB1 /* RMTableViewDataSource */,
				E12998F5231C1CBA00DD2AB1 /* RMTableViewDataSourceTests */,
				E12998E9231C1CB900DD2AB1 /* Products */,
			);
			sourceTree = "<group>";
		};
		E12998E9231C1CB900DD2AB1 /* Products */ = {
			isa = PBXGroup;
			children = (
				E12998E8231C1CB900DD2AB1 /* RMTableViewDataSource.framework */,
				E12998F1231C1CBA00DD2AB1 /* RMTableViewDataSourceTests.xctest */,
			);
			name = Products;
			sourceTree = "<group>";
		};
		E12998EA231C1CB900DD2AB1 /* RMTableViewDataSource */ = {
			isa = PBXGroup;
			children = (
				E129990D231C1CFB00DD2AB1 /* Source */,
				E1299902231C1CFB00DD2AB1 /* Example */,
				E12998EB231C1CB900DD2AB1 /* RMTableViewDataSource.h */,
				E12998EC231C1CB900DD2AB1 /* Info.plist */,
			);
			path = RMTableViewDataSource;
			sourceTree = "<group>";
		};
		E12998F5231C1CBA00DD2AB1 /* RMTableViewDataSourceTests */ = {
			isa = PBXGroup;
			children = (
				E12998F6231C1CBA00DD2AB1 /* RMTableViewDataSourceTests.swift */,
				E12998F8231C1CBA00DD2AB1 /* Info.plist */,
			);
			path = RMTableViewDataSourceTests;
			sourceTree = "<group>";
		};
		E1299902231C1CFB00DD2AB1 /* Example */ = {
			isa = PBXGroup;
			children = (
				E129990A231C1CFB00DD2AB1 /* AppDelegate.swift */,
				E1299906231C1CFB00DD2AB1 /* LaunchScreen.storyboard */,
				E1299905231C1CFB00DD2AB1 /* Assets.xcassets */,
				E1299903231C1CFB00DD2AB1 /* RMTableViewDataSourceViewController.swift */,
				E129990B231C1CFB00DD2AB1 /* PersonTableViewCell.swift */,
				E1299904231C1CFB00DD2AB1 /* PeopleSource.swift */,
			);
			path = Example;
			sourceTree = "<group>";
		};
		E129990D231C1CFB00DD2AB1 /* Source */ = {
			isa = PBXGroup;
			children = (
				E129990E231C1CFB00DD2AB1 /* CellRetriever.swift */,
				E129990F231C1CFB00DD2AB1 /* TableViewDataSource.swift */,
				E1299910231C1CFB00DD2AB1 /* Search */,
				E1299913231C1CFB00DD2AB1 /* CellIdentifiable.swift */,
				E1299914231C1CFB00DD2AB1 /* TableViewContents.swift */,
				E1299915231C1CFB00DD2AB1 /* CellBindable.swift */,
			);
			path = Source;
			sourceTree = "<group>";
		};
		E1299910231C1CFB00DD2AB1 /* Search */ = {
			isa = PBXGroup;
			children = (
				E1299911231C1CFB00DD2AB1 /* SearchSource.swift */,
				E1299912231C1CFB00DD2AB1 /* UISearchBarSource.swift */,
			);
			path = Search;
			sourceTree = "<group>";
		};
/* End PBXGroup section */

/* Begin PBXHeadersBuildPhase section */
		E12998E3231C1CB900DD2AB1 /* Headers */ = {
			isa = PBXHeadersBuildPhase;
			buildActionMask = 2147483647;
			files = (
				E12998F9231C1CBA00DD2AB1 /* RMTableViewDataSource.h in Headers */,
			);
			runOnlyForDeploymentPostprocessing = 0;
		};
/* End PBXHeadersBuildPhase section */

/* Begin PBXNativeTarget section */
		E12998E7231C1CB900DD2AB1 /* RMTableViewDataSource */ = {
			isa = PBXNativeTarget;
			buildConfigurationList = E12998FC231C1CBA00DD2AB1 /* Build configuration list for PBXNativeTarget "RMTableViewDataSource" */;
			buildPhases = (
				E12998E3231C1CB900DD2AB1 /* Headers */,
				E12998E4231C1CB900DD2AB1 /* Sources */,
				E12998E5231C1CB900DD2AB1 /* Frameworks */,
				E12998E6231C1CB900DD2AB1 /* Resources */,
			);
			buildRules = (
			);
			dependencies = (
			);
			name = RMTableViewDataSource;
			productName = RMTableViewDataSource;
			productReference = E12998E8231C1CB900DD2AB1 /* RMTableViewDataSource.framework */;
			productType = "com.apple.product-type.framework";
		};
		E12998F0231C1CBA00DD2AB1 /* RMTableViewDataSourceTests */ = {
			isa = PBXNativeTarget;
			buildConfigurationList = E12998FF231C1CBA00DD2AB1 /* Build configuration list for PBXNativeTarget "RMTableViewDataSourceTests" */;
			buildPhases = (
				E12998ED231C1CBA00DD2AB1 /* Sources */,
				E12998EE231C1CBA00DD2AB1 /* Frameworks */,
				E12998EF231C1CBA00DD2AB1 /* Resources */,
			);
			buildRules = (
			);
			dependencies = (
				E12998F4231C1CBA00DD2AB1 /* PBXTargetDependency */,
			);
			name = RMTableViewDataSourceTests;
			productName = RMTableViewDataSourceTests;
			productReference = E12998F1231C1CBA00DD2AB1 /* RMTableViewDataSourceTests.xctest */;
			productType = "com.apple.product-type.bundle.unit-test";
		};
/* End PBXNativeTarget section */

/* Begin PBXProject section */
		E12998DF231C1CB900DD2AB1 /* Project object */ = {
			isa = PBXProject;
			attributes = {
				LastSwiftUpdateCheck = 1030;
				LastUpgradeCheck = 1030;
				ORGANIZATIONNAME = "Robert Mccahill";
				TargetAttributes = {
					E12998E7231C1CB900DD2AB1 = {
						CreatedOnToolsVersion = 10.3;
					};
					E12998F0231C1CBA00DD2AB1 = {
						CreatedOnToolsVersion = 10.3;
					};
				};
			};
			buildConfigurationList = E12998E2231C1CB900DD2AB1 /* Build configuration list for PBXProject "RMTableViewDataSource" */;
			compatibilityVersion = "Xcode 9.3";
			developmentRegion = en;
			hasScannedForEncodings = 0;
			knownRegions = (
				en,
				Base,
			);
			mainGroup = E12998DE231C1CB900DD2AB1;
			productRefGroup = E12998E9231C1CB900DD2AB1 /* Products */;
			projectDirPath = "";
			projectRoot = "";
			targets = (
				E12998E7231C1CB900DD2AB1 /* RMTableViewDataSource */,
				E12998F0231C1CBA00DD2AB1 /* RMTableViewDataSourceTests */,
			);
		};
/* End PBXProject section */

/* Begin PBXResourcesBuildPhase section */
		E12998E6231C1CB900DD2AB1 /* Resources */ = {
			isa = PBXResourcesBuildPhase;
			buildActionMask = 2147483647;
			files = (
				E1299918231C1CFB00DD2AB1 /* Assets.xcassets in Resources */,
				E1299919231C1CFB00DD2AB1 /* LaunchScreen.storyboard in Resources */,
				E1BB9AC5231C396F00A59FB3 /* Readme.md in Resources */,
			);
			runOnlyForDeploymentPostprocessing = 0;
		};
		E12998EF231C1CBA00DD2AB1 /* Resources */ = {
			isa = PBXResourcesBuildPhase;
			buildActionMask = 2147483647;
			files = (
			);
			runOnlyForDeploymentPostprocessing = 0;
		};
/* End PBXResourcesBuildPhase section */

/* Begin PBXSourcesBuildPhase section */
		E12998E4231C1CB900DD2AB1 /* Sources */ = {
			isa = PBXSourcesBuildPhase;
			buildActionMask = 2147483647;
			files = (
				E129991F231C1CFB00DD2AB1 /* TableViewDataSource.swift in Sources */,
				E1299922231C1CFB00DD2AB1 /* CellIdentifiable.swift in Sources */,
				E129991E231C1CFB00DD2AB1 /* CellRetriever.swift in Sources */,
				E1299923231C1CFB00DD2AB1 /* TableViewContents.swift in Sources */,
				E129991B231C1CFB00DD2AB1 /* AppDelegate.swift in Sources */,
				E1299916231C1CFB00DD2AB1 /* RMTableViewDataSourceViewController.swift in Sources */,
				E1299924231C1CFB00DD2AB1 /* CellBindable.swift in Sources */,
				E1299921231C1CFB00DD2AB1 /* UISearchBarSource.swift in Sources */,
				E129991C231C1CFB00DD2AB1 /* PersonTableViewCell.swift in Sources */,
				E1299920231C1CFB00DD2AB1 /* SearchSource.swift in Sources */,
				E1299917231C1CFB00DD2AB1 /* PeopleSource.swift in Sources */,
			);
			runOnlyForDeploymentPostprocessing = 0;
		};
		E12998ED231C1CBA00DD2AB1 /* Sources */ = {
			isa = PBXSourcesBuildPhase;
			buildActionMask = 2147483647;
			files = (
				E12998F7231C1CBA00DD2AB1 /* RMTableViewDataSourceTests.swift in Sources */,
			);
			runOnlyForDeploymentPostprocessing = 0;
		};
/* End PBXSourcesBuildPhase section */

/* Begin PBXTargetDependency section */
		E12998F4231C1CBA00DD2AB1 /* PBXTargetDependency */ = {
			isa = PBXTargetDependency;
			target = E12998E7231C1CB900DD2AB1 /* RMTableViewDataSource */;
			targetProxy = E12998F3231C1CBA00DD2AB1 /* PBXContainerItemProxy */;
		};
/* End PBXTargetDependency section */

/* Begin PBXVariantGroup section */
		E1299906231C1CFB00DD2AB1 /* LaunchScreen.storyboard */ = {
			isa = PBXVariantGroup;
			children = (
				E1299907231C1CFB00DD2AB1 /* Base */,
			);
			name = LaunchScreen.storyboard;
			sourceTree = "<group>";
		};
/* End PBXVariantGroup section */

/* Begin XCBuildConfiguration section */
		E12998FA231C1CBA00DD2AB1 /* Debug */ = {
			isa = XCBuildConfiguration;
			buildSettings = {
				ALWAYS_SEARCH_USER_PATHS = NO;
				CLANG_ANALYZER_NONNULL = YES;
				CLANG_ANALYZER_NUMBER_OBJECT_CONVERSION = YES_AGGRESSIVE;
				CLANG_CXX_LANGUAGE_STANDARD = "gnu++14";
				CLANG_CXX_LIBRARY = "libc++";
				CLANG_ENABLE_MODULES = YES;
				CLANG_ENABLE_OBJC_ARC = YES;
				CLANG_ENABLE_OBJC_WEAK = YES;
				CLANG_WARN_BLOCK_CAPTURE_AUTORELEASING = YES;
				CLANG_WARN_BOOL_CONVERSION = YES;
				CLANG_WARN_COMMA = YES;
				CLANG_WARN_CONSTANT_CONVERSION = YES;
				CLANG_WARN_DEPRECATED_OBJC_IMPLEMENTATIONS = YES;
				CLANG_WARN_DIRECT_OBJC_ISA_USAGE = YES_ERROR;
				CLANG_WARN_DOCUMENTATION_COMMENTS = YES;
				CLANG_WARN_EMPTY_BODY = YES;
				CLANG_WARN_ENUM_CONVERSION = YES;
				CLANG_WARN_INFINITE_RECURSION = YES;
				CLANG_WARN_INT_CONVERSION = YES;
				CLANG_WARN_NON_LITERAL_NULL_CONVERSION = YES;
				CLANG_WARN_OBJC_IMPLICIT_RETAIN_SELF = YES;
				CLANG_WARN_OBJC_LITERAL_CONVERSION = YES;
				CLANG_WARN_OBJC_ROOT_CLASS = YES_ERROR;
				CLANG_WARN_RANGE_LOOP_ANALYSIS = YES;
				CLANG_WARN_STRICT_PROTOTYPES = YES;
				CLANG_WARN_SUSPICIOUS_MOVE = YES;
				CLANG_WARN_UNGUARDED_AVAILABILITY = YES_AGGRESSIVE;
				CLANG_WARN_UNREACHABLE_CODE = YES;
				CLANG_WARN__DUPLICATE_METHOD_MATCH = YES;
				CODE_SIGN_IDENTITY = "iPhone Developer";
				COPY_PHASE_STRIP = NO;
				CURRENT_PROJECT_VERSION = 1;
				DEBUG_INFORMATION_FORMAT = dwarf;
				ENABLE_STRICT_OBJC_MSGSEND = YES;
				ENABLE_TESTABILITY = YES;
				GCC_C_LANGUAGE_STANDARD = gnu11;
				GCC_DYNAMIC_NO_PIC = NO;
				GCC_NO_COMMON_BLOCKS = YES;
				GCC_OPTIMIZATION_LEVEL = 0;
				GCC_PREPROCESSOR_DEFINITIONS = (
					"DEBUG=1",
					"$(inherited)",
				);
				GCC_WARN_64_TO_32_BIT_CONVERSION = YES;
				GCC_WARN_ABOUT_RETURN_TYPE = YES_ERROR;
				GCC_WARN_UNDECLARED_SELECTOR = YES;
				GCC_WARN_UNINITIALIZED_AUTOS = YES_AGGRESSIVE;
				GCC_WARN_UNUSED_FUNCTION = YES;
				GCC_WARN_UNUSED_VARIABLE = YES;
				IPHONEOS_DEPLOYMENT_TARGET = 12.4;
				MTL_ENABLE_DEBUG_INFO = INCLUDE_SOURCE;
				MTL_FAST_MATH = YES;
				ONLY_ACTIVE_ARCH = YES;
				SDKROOT = iphoneos;
				SWIFT_ACTIVE_COMPILATION_CONDITIONS = DEBUG;
				SWIFT_OPTIMIZATION_LEVEL = "-Onone";
				VERSIONING_SYSTEM = "apple-generic";
				VERSION_INFO_PREFIX = "";
			};
			name = Debug;
		};
		E12998FB231C1CBA00DD2AB1 /* Release */ = {
			isa = XCBuildConfiguration;
			buildSettings = {
				ALWAYS_SEARCH_USER_PATHS = NO;
				CLANG_ANALYZER_NONNULL = YES;
				CLANG_ANALYZER_NUMBER_OBJECT_CONVERSION = YES_AGGRESSIVE;
				CLANG_CXX_LANGUAGE_STANDARD = "gnu++14";
				CLANG_CXX_LIBRARY = "libc++";
				CLANG_ENABLE_MODULES = YES;
				CLANG_ENABLE_OBJC_ARC = YES;
				CLANG_ENABLE_OBJC_WEAK = YES;
				CLANG_WARN_BLOCK_CAPTURE_AUTORELEASING = YES;
				CLANG_WARN_BOOL_CONVERSION = YES;
				CLANG_WARN_COMMA = YES;
				CLANG_WARN_CONSTANT_CONVERSION = YES;
				CLANG_WARN_DEPRECATED_OBJC_IMPLEMENTATIONS = YES;
				CLANG_WARN_DIRECT_OBJC_ISA_USAGE = YES_ERROR;
				CLANG_WARN_DOCUMENTATION_COMMENTS = YES;
				CLANG_WARN_EMPTY_BODY = YES;
				CLANG_WARN_ENUM_CONVERSION = YES;
				CLANG_WARN_INFINITE_RECURSION = YES;
				CLANG_WARN_INT_CONVERSION = YES;
				CLANG_WARN_NON_LITERAL_NULL_CONVERSION = YES;
				CLANG_WARN_OBJC_IMPLICIT_RETAIN_SELF = YES;
				CLANG_WARN_OBJC_LITERAL_CONVERSION = YES;
				CLANG_WARN_OBJC_ROOT_CLASS = YES_ERROR;
				CLANG_WARN_RANGE_LOOP_ANALYSIS = YES;
				CLANG_WARN_STRICT_PROTOTYPES = YES;
				CLANG_WARN_SUSPICIOUS_MOVE = YES;
				CLANG_WARN_UNGUARDED_AVAILABILITY = YES_AGGRESSIVE;
				CLANG_WARN_UNREACHABLE_CODE = YES;
				CLANG_WARN__DUPLICATE_METHOD_MATCH = YES;
				CODE_SIGN_IDENTITY = "iPhone Developer";
				COPY_PHASE_STRIP = NO;
				CURRENT_PROJECT_VERSION = 1;
				DEBUG_INFORMATION_FORMAT = "dwarf-with-dsym";
				ENABLE_NS_ASSERTIONS = NO;
				ENABLE_STRICT_OBJC_MSGSEND = YES;
				GCC_C_LANGUAGE_STANDARD = gnu11;
				GCC_NO_COMMON_BLOCKS = YES;
				GCC_WARN_64_TO_32_BIT_CONVERSION = YES;
				GCC_WARN_ABOUT_RETURN_TYPE = YES_ERROR;
				GCC_WARN_UNDECLARED_SELECTOR = YES;
				GCC_WARN_UNINITIALIZED_AUTOS = YES_AGGRESSIVE;
				GCC_WARN_UNUSED_FUNCTION = YES;
				GCC_WARN_UNUSED_VARIABLE = YES;
				IPHONEOS_DEPLOYMENT_TARGET = 12.4;
				MTL_ENABLE_DEBUG_INFO = NO;
				MTL_FAST_MATH = YES;
				SDKROOT = iphoneos;
				SWIFT_COMPILATION_MODE = wholemodule;
				SWIFT_OPTIMIZATION_LEVEL = "-O";
				VALIDATE_PRODUCT = YES;
				VERSIONING_SYSTEM = "apple-generic";
				VERSION_INFO_PREFIX = "";
			};
			name = Release;
		};
		E12998FD231C1CBA00DD2AB1 /* Debug */ = {
			isa = XCBuildConfiguration;
			buildSettings = {
				CODE_SIGN_IDENTITY = "";
				CODE_SIGN_STYLE = Automatic;
				DEFINES_MODULE = YES;
				DEVELOPMENT_TEAM = U97E6RE79Y;
				DYLIB_COMPATIBILITY_VERSION = 1;
				DYLIB_CURRENT_VERSION = 1;
				DYLIB_INSTALL_NAME_BASE = "@rpath";
				INFOPLIST_FILE = RMTableViewDataSource/Info.plist;
				INSTALL_PATH = "$(LOCAL_LIBRARY_DIR)/Frameworks";
				IPHONEOS_DEPLOYMENT_TARGET = 9.0;
				LD_RUNPATH_SEARCH_PATHS = (
					"$(inherited)",
					"@executable_path/Frameworks",
					"@loader_path/Frameworks",
				);
				PRODUCT_BUNDLE_IDENTIFIER = com.RM.RMTableViewDataSource;
				PRODUCT_NAME = "$(TARGET_NAME:c99extidentifier)";
				SKIP_INSTALL = YES;
				SWIFT_VERSION = 5.0;
				TARGETED_DEVICE_FAMILY = "1,2";
			};
			name = Debug;
		};
		E12998FE231C1CBA00DD2AB1 /* Release */ = {
			isa = XCBuildConfiguration;
			buildSettings = {
				CODE_SIGN_IDENTITY = "";
				CODE_SIGN_STYLE = Automatic;
				DEFINES_MODULE = YES;
				DEVELOPMENT_TEAM = U97E6RE79Y;
				DYLIB_COMPATIBILITY_VERSION = 1;
				DYLIB_CURRENT_VERSION = 1;
				DYLIB_INSTALL_NAME_BASE = "@rpath";
				INFOPLIST_FILE = RMTableViewDataSource/Info.plist;
				INSTALL_PATH = "$(LOCAL_LIBRARY_DIR)/Frameworks";
				IPHONEOS_DEPLOYMENT_TARGET = 9.0;
				LD_RUNPATH_SEARCH_PATHS = (
					"$(inherited)",
					"@executable_path/Frameworks",
					"@loader_path/Frameworks",
				);
				PRODUCT_BUNDLE_IDENTIFIER = com.RM.RMTableViewDataSource;
				PRODUCT_NAME = "$(TARGET_NAME:c99extidentifier)";
				SKIP_INSTALL = YES;
				SWIFT_VERSION = 5.0;
				TARGETED_DEVICE_FAMILY = "1,2";
			};
			name = Release;
		};
		E1299900231C1CBA00DD2AB1 /* Debug */ = {
			isa = XCBuildConfiguration;
			buildSettings = {
				ALWAYS_EMBED_SWIFT_STANDARD_LIBRARIES = YES;
				CODE_SIGN_STYLE = Automatic;
				DEVELOPMENT_TEAM = U97E6RE79Y;
				INFOPLIST_FILE = RMTableViewDataSourceTests/Info.plist;
				LD_RUNPATH_SEARCH_PATHS = (
					"$(inherited)",
					"@executable_path/Frameworks",
					"@loader_path/Frameworks",
				);
				PRODUCT_BUNDLE_IDENTIFIER = com.RM.RMTableViewDataSourceTests;
				PRODUCT_NAME = "$(TARGET_NAME)";
				SWIFT_VERSION = 5.0;
				TARGETED_DEVICE_FAMILY = "1,2";
			};
			name = Debug;
		};
		E1299901231C1CBA00DD2AB1 /* Release */ = {
			isa = XCBuildConfiguration;
			buildSettings = {
				ALWAYS_EMBED_SWIFT_STANDARD_LIBRARIES = YES;
				CODE_SIGN_STYLE = Automatic;
				DEVELOPMENT_TEAM = U97E6RE79Y;
				INFOPLIST_FILE = RMTableViewDataSourceTests/Info.plist;
				LD_RUNPATH_SEARCH_PATHS = (
					"$(inherited)",
					"@executable_path/Frameworks",
					"@loader_path/Frameworks",
				);
				PRODUCT_BUNDLE_IDENTIFIER = com.RM.RMTableViewDataSourceTests;
				PRODUCT_NAME = "$(TARGET_NAME)";
				SWIFT_VERSION = 5.0;
				TARGETED_DEVICE_FAMILY = "1,2";
			};
			name = Release;
		};
/* End XCBuildConfiguration section */

/* Begin XCConfigurationList section */
		E12998E2231C1CB900DD2AB1 /* Build configuration list for PBXProject "RMTableViewDataSource" */ = {
			isa = XCConfigurationList;
			buildConfigurations = (
				E12998FA231C1CBA00DD2AB1 /* Debug */,
				E12998FB231C1CBA00DD2AB1 /* Release */,
			);
			defaultConfigurationIsVisible = 0;
			defaultConfigurationName = Release;
		};
		E12998FC231C1CBA00DD2AB1 /* Build configuration list for PBXNativeTarget "RMTableViewDataSource" */ = {
			isa = XCConfigurationList;
			buildConfigurations = (
				E12998FD231C1CBA00DD2AB1 /* Debug */,
				E12998FE231C1CBA00DD2AB1 /* Release */,
			);
			defaultConfigurationIsVisible = 0;
			defaultConfigurationName = Release;
		};
		E12998FF231C1CBA00DD2AB1 /* Build configuration list for PBXNativeTarget "RMTableViewDataSourceTests" */ = {
			isa = XCConfigurationList;
			buildConfigurations = (
				E1299900231C1CBA00DD2AB1 /* Debug */,
				E1299901231C1CBA00DD2AB1 /* Release */,
			);
			defaultConfigurationIsVisible = 0;
			defaultConfigurationName = Release;
		};
/* End XCConfigurationList section */
	};
	rootObject = E12998DF231C1CB900DD2AB1 /* Project object */;
}
